
Microsoft Visual Studio Solution File, Format Version 12.00
# Visual Studio 2013
VisualStudioVersion = 12.0.40629.0
MinimumVisualStudioVersion = 10.0.40219.1
Project("{FAE04EC0-301F-11D3-BF4B-00C04F79EFBC}") = "Server", "Server\Server.csproj", "{14CA405B-8BAC-48AB-9FBA-8FB5DF88FD0D}"
EndProject
Project("{FAE04EC0-301F-11D3-BF4B-00C04F79EFBC}") = "Client", "Client\Client.csproj", "{9F5CF56A-DDB2-4F40-AB99-2A1DC47588E1}"
EndProject
Project("{FAE04EC0-301F-11D3-BF4B-00C04F79EFBC}") = "Client.Tests", "Client.Tests\Client.Tests.csproj", "{7223F9B2-17A2-432B-ADAC-51B1E35681DB}"
EndProject
Project("{FAE04EC0-301F-11D3-BF4B-00C04F79EFBC}") = "Server.Tests", "Server.Tests\Server.Tests.csproj", "{BF45108E-1E43-486B-A71D-5426BBB041DB}"
EndProject
Global
	GlobalSection(SolutionConfigurationPlatforms) = preSolution
		Debug|Mixed Platforms = Debug|Mixed Platforms
		Release|Mixed Platforms = Release|Mixed Platforms
	EndGlobalSection
	GlobalSection(ProjectConfigurationPlatforms) = postSolution
		{14CA405B-8BAC-48AB-9FBA-8FB5DF88FD0D}.Debug|Mixed Platforms.ActiveCfg = Debug|Any CPU
		{14CA405B-8BAC-48AB-9FBA-8FB5DF88FD0D}.Debug|Mixed Platforms.Build.0 = Debug|Any CPU
		{14CA405B-8BAC-48AB-9FBA-8FB5DF88FD0D}.Release|Mixed Platforms.ActiveCfg = Release|Any CPU
		{14CA405B-8BAC-48AB-9FBA-8FB5DF88FD0D}.Release|Mixed Platforms.Build.0 = Release|Any CPU
		{9F5CF56A-DDB2-4F40-AB99-2A1DC47588E1}.Debug|Mixed Platforms.ActiveCfg = Debug|x86
		{9F5CF56A-DDB2-4F40-AB99-2A1DC47588E1}.Debug|Mixed Platforms.Build.0 = Debug|x86
		{9F5CF56A-DDB2-4F40-AB99-2A1DC47588E1}.Release|Mixed Platforms.ActiveCfg = Release|x86
		{9F5CF56A-DDB2-4F40-AB99-2A1DC47588E1}.Release|Mixed Platforms.Build.0 = Release|x86
		{7223F9B2-17A2-432B-ADAC-51B1E35681DB}.Debug|Mixed Platforms.ActiveCfg = Debug|x86
		{7223F9B2-17A2-432B-ADAC-51B1E35681DB}.Debug|Mixed Platforms.Build.0 = Debug|x86
		{7223F9B2-17A2-432B-ADAC-51B1E35681DB}.Release|Mixed Platforms.ActiveCfg = Release|x86
		{7223F9B2-17A2-432B-ADAC-51B1E35681DB}.Release|Mixed Platforms.Build.0 = Release|x86
		{BF45108E-1E43-486B-A71D-5426BBB041DB}.Debug|Mixed Platforms.ActiveCfg = Debug|Any CPU
		{BF45108E-1E43-486B-A71D-5426BBB041DB}.Debug|Mixed Platforms.Build.0 = Debug|Any CPU
		{BF45108E-1E43-486B-A71D-5426BBB041DB}.Release|Mixed Platforms.ActiveCfg = Release|Any CPU
		{BF45108E-1E43-486B-A71D-5426BBB041DB}.Release|Mixed Platforms.Build.0 = Release|Any CPU
	EndGlobalSection
	GlobalSection(SolutionProperties) = preSolution
		HideSolutionNode = FALSE
	EndGlobalSection
EndGlobal
