
Microsoft Visual Studio Solution File, Format Version 12.00
# Visual Studio 2013
VisualStudioVersion = 12.0.31101.0
MinimumVisualStudioVersion = 10.0.40219.1
Project("{FAE04EC0-301F-11D3-BF4B-00C04F79EFBC}") = "Server", "Server\Server.csproj", "{14CA405B-8BAC-48AB-9FBA-8FB5DF88FD0D}"
EndProject
Project("{FAE04EC0-301F-11D3-BF4B-00C04F79EFBC}") = "Client", "Client\Client.csproj", "{9F5CF56A-DDB2-4F40-AB99-2A1DC47588E1}"
EndProject
Project("{FAE04EC0-301F-11D3-BF4B-00C04F79EFBC}") = "Client.Tests", "Client.Tests\Client.Tests.csproj", "{A8AF2982-35EE-42B7-9492-4F89A7D94056}"
EndProject
Project("{2150E333-8FDC-42A3-9474-1A3956D46DE8}") = ".nuget", ".nuget", "{42975A61-BD5C-4538-B1C3-97CEEFD57BE4}"
	ProjectSection(SolutionItems) = preProject
		.nuget\NuGet.Config = .nuget\NuGet.Config
		.nuget\NuGet.exe = .nuget\NuGet.exe
		.nuget\NuGet.targets = .nuget\NuGet.targets
	EndProjectSection
EndProject
Global
	GlobalSection(SolutionConfigurationPlatforms) = preSolution
		Debug|Any CPU = Debug|Any CPU
		Debug|Mixed Platforms = Debug|Mixed Platforms
		Debug|x86 = Debug|x86
		Release|Any CPU = Release|Any CPU
		Release|Mixed Platforms = Release|Mixed Platforms
		Release|x86 = Release|x86
	EndGlobalSection
	GlobalSection(ProjectConfigurationPlatforms) = postSolution
		{14CA405B-8BAC-48AB-9FBA-8FB5DF88FD0D}.Debug|Any CPU.ActiveCfg = Debug|x86
		{14CA405B-8BAC-48AB-9FBA-8FB5DF88FD0D}.Debug|Mixed Platforms.ActiveCfg = Debug|x86
		{14CA405B-8BAC-48AB-9FBA-8FB5DF88FD0D}.Debug|Mixed Platforms.Build.0 = Debug|x86
		{14CA405B-8BAC-48AB-9FBA-8FB5DF88FD0D}.Debug|x86.ActiveCfg = Debug|x86
		{14CA405B-8BAC-48AB-9FBA-8FB5DF88FD0D}.Debug|x86.Build.0 = Debug|x86
		{14CA405B-8BAC-48AB-9FBA-8FB5DF88FD0D}.Release|Any CPU.ActiveCfg = Release|x86
		{14CA405B-8BAC-48AB-9FBA-8FB5DF88FD0D}.Release|Mixed Platforms.ActiveCfg = Release|x86
		{14CA405B-8BAC-48AB-9FBA-8FB5DF88FD0D}.Release|Mixed Platforms.Build.0 = Release|x86
		{14CA405B-8BAC-48AB-9FBA-8FB5DF88FD0D}.Release|x86.ActiveCfg = Release|x86
		{14CA405B-8BAC-48AB-9FBA-8FB5DF88FD0D}.Release|x86.Build.0 = Release|x86
		{9F5CF56A-DDB2-4F40-AB99-2A1DC47588E1}.Debug|Any CPU.ActiveCfg = Debug|x86
		{9F5CF56A-DDB2-4F40-AB99-2A1DC47588E1}.Debug|Mixed Platforms.ActiveCfg = Debug|x86
		{9F5CF56A-DDB2-4F40-AB99-2A1DC47588E1}.Debug|Mixed Platforms.Build.0 = Debug|x86
		{9F5CF56A-DDB2-4F40-AB99-2A1DC47588E1}.Debug|x86.ActiveCfg = Debug|x86
		{9F5CF56A-DDB2-4F40-AB99-2A1DC47588E1}.Debug|x86.Build.0 = Debug|x86
		{9F5CF56A-DDB2-4F40-AB99-2A1DC47588E1}.Release|Any CPU.ActiveCfg = Release|x86
		{9F5CF56A-DDB2-4F40-AB99-2A1DC47588E1}.Release|Mixed Platforms.ActiveCfg = Release|x86
		{9F5CF56A-DDB2-4F40-AB99-2A1DC47588E1}.Release|Mixed Platforms.Build.0 = Release|x86
		{9F5CF56A-DDB2-4F40-AB99-2A1DC47588E1}.Release|x86.ActiveCfg = Release|x86
		{9F5CF56A-DDB2-4F40-AB99-2A1DC47588E1}.Release|x86.Build.0 = Release|x86
		{A8AF2982-35EE-42B7-9492-4F89A7D94056}.Debug|Any CPU.ActiveCfg = Debug|Any CPU
		{A8AF2982-35EE-42B7-9492-4F89A7D94056}.Debug|Any CPU.Build.0 = Debug|Any CPU
		{A8AF2982-35EE-42B7-9492-4F89A7D94056}.Debug|Mixed Platforms.ActiveCfg = Debug|Any CPU
		{A8AF2982-35EE-42B7-9492-4F89A7D94056}.Debug|Mixed Platforms.Build.0 = Debug|Any CPU
		{A8AF2982-35EE-42B7-9492-4F89A7D94056}.Debug|x86.ActiveCfg = Debug|Any CPU
		{A8AF2982-35EE-42B7-9492-4F89A7D94056}.Release|Any CPU.ActiveCfg = Release|Any CPU
		{A8AF2982-35EE-42B7-9492-4F89A7D94056}.Release|Any CPU.Build.0 = Release|Any CPU
		{A8AF2982-35EE-42B7-9492-4F89A7D94056}.Release|Mixed Platforms.ActiveCfg = Release|Any CPU
		{A8AF2982-35EE-42B7-9492-4F89A7D94056}.Release|Mixed Platforms.Build.0 = Release|Any CPU
		{A8AF2982-35EE-42B7-9492-4F89A7D94056}.Release|x86.ActiveCfg = Release|Any CPU
	EndGlobalSection
	GlobalSection(SolutionProperties) = preSolution
		HideSolutionNode = FALSE
	EndGlobalSection
EndGlobal
