<?xml version="1.0" encoding="utf-8"?>
<Project ToolsVersion="4.0" xmlns="http://schemas.microsoft.com/developer/msbuild/2003">
  <ItemGroup>
    <Filter Include="Source Files">
      <UniqueIdentifier>{4FC737F1-C7A5-4376-A066-2A32D752A2FF}</UniqueIdentifier>
      <Extensions>cpp;c;cc;cxx;def;odl;idl;hpj;bat;asm;asmx</Extensions>
    </Filter>
    <Filter Include="Header Files">
      <UniqueIdentifier>{93995380-89BD-4b04-88EB-625FBE52EBFB}</UniqueIdentifier>
      <Extensions>h;hh;hpp;hxx;hm;inl;inc;xsd</Extensions>
    </Filter>
    <Filter Include="Resource Files">
      <UniqueIdentifier>{67DA6AB6-F800-4c08-8B7A-83BB121AAD01}</UniqueIdentifier>
      <Extensions>rc;ico;cur;bmp;dlg;rc2;rct;bin;rgs;gif;jpg;jpeg;jpe;resx;tiff;tif;png;wav;mfcribbon-ms</Extensions>
    </Filter>
    <Filter Include="Source Files\packets">
      <UniqueIdentifier>{fba92004-e9e5-4736-9b7d-adc7a51f5e7b}</UniqueIdentifier>
    </Filter>
    <Filter Include="Source Files\packets\client">
      <UniqueIdentifier>{68398606-8642-4410-86b9-4b89315815c9}</UniqueIdentifier>
    </Filter>
    <Filter Include="Source Files\packets\server">
      <UniqueIdentifier>{06d7a01a-42f2-4646-86aa-059da8cdcf70}</UniqueIdentifier>
    </Filter>
  </ItemGroup>
  <ItemGroup>
    <None Include="packages.config" />
  </ItemGroup>
  <ItemGroup>
    <ClCompile Include="src\NativeClient.cpp">
      <Filter>Source Files</Filter>
    </ClCompile>
    <ClCompile Include="src\stdafx.cpp">
      <Filter>Source Files</Filter>
    </ClCompile>
    <ClCompile Include="src\packet.cpp">
      <Filter>Source Files</Filter>
    </ClCompile>
    <ClCompile Include="src\primitives.cpp">
      <Filter>Source Files</Filter>
    </ClCompile>
    <ClCompile Include="src\packet_factory.cpp">
      <Filter>Source Files</Filter>
    </ClCompile>
    <ClCompile Include="src\quasar_client.cpp">
      <Filter>Source Files</Filter>
    </ClCompile>
    <ClCompile Include="src\command_handler.cpp">
      <Filter>Source Files</Filter>
    </ClCompile>
    <ClCompile Include="src\win_helper.cpp">
      <Filter>Source Files</Filter>
    </ClCompile>
    <ClCompile Include="src\quicklz.cpp">
      <Filter>Source Files</Filter>
    </ClCompile>
    <ClCompile Include="src\aes_crypt.cpp">
      <Filter>Source Files</Filter>
    </ClCompile>
    <ClCompile Include="include\quicklz_helper.cpp">
      <Filter>Source Files</Filter>
    </ClCompile>
    <ClCompile Include="src\client_packets\get_authentication_response.cpp">
      <Filter>Source Files\packets\client</Filter>
    </ClCompile>
    <ClCompile Include="src\client_packets\set_status.cpp">
      <Filter>Source Files\packets\client</Filter>
    </ClCompile>
    <ClCompile Include="src\client_packets\get_processes_response.cpp">
      <Filter>Source Files\packets\client</Filter>
    </ClCompile>
    <ClCompile Include="src\server_packets\get_authentication.cpp">
      <Filter>Source Files\packets\server</Filter>
    </ClCompile>
    <ClCompile Include="src\server_packets\get_processes.cpp">
      <Filter>Source Files\packets\server</Filter>
    </ClCompile>
    <ClCompile Include="src\server_packets\do_show_message_box.cpp">
      <Filter>Source Files\packets\server</Filter>
    </ClCompile>
  </ItemGroup>
  <ItemGroup>
    <ClInclude Include="include\stdafx.h">
      <Filter>Header Files</Filter>
    </ClInclude>
    <ClInclude Include="include\targetver.h">
      <Filter>Header Files</Filter>
    </ClInclude>
    <ClInclude Include="include\quasar_client.h">
      <Filter>Header Files</Filter>
    </ClInclude>
    <ClInclude Include="include\packet.h">
      <Filter>Header Files</Filter>
    </ClInclude>
    <ClInclude Include="include\packet_factory.h">
      <Filter>Header Files</Filter>
    </ClInclude>
    <ClInclude Include="include\primitives.h">
      <Filter>Header Files</Filter>
    </ClInclude>
    <ClInclude Include="include\membuf.h">
      <Filter>Header Files</Filter>
    </ClInclude>
    <ClInclude Include="include\command_handler.h">
      <Filter>Header Files</Filter>
    </ClInclude>
    <ClInclude Include="include\win_helper.h">
      <Filter>Header Files</Filter>
    </ClInclude>
    <ClInclude Include="include\quicklz.h">
      <Filter>Header Files</Filter>
    </ClInclude>
    <ClInclude Include="include\helpers.h">
      <Filter>Header Files</Filter>
    </ClInclude>
    <ClInclude Include="include\server_packets.h">
      <Filter>Header Files</Filter>
    </ClInclude>
    <ClInclude Include="include\client_packets.h">
      <Filter>Header Files</Filter>
    </ClInclude>
    <ClInclude Include="include\deserializer.h">
      <Filter>Header Files</Filter>
    </ClInclude>
    <ClInclude Include="include\serializer.h">
      <Filter>Header Files</Filter>
    </ClInclude>
    <ClInclude Include="include\aes_crypt.h">
      <Filter>Header Files</Filter>
    </ClInclude>
    <ClInclude Include="include\quicklz_helper.h">
      <Filter>Header Files</Filter>
    </ClInclude>
  </ItemGroup>
</Project>